{
  "object": {
    "pins": [
      {
        "package": "Alamofire",
        "repositoryURL": "https://github.com/Alamofire/Alamofire.git",
        "state": {
          "branch": null,
          "revision": "747c8db8d57b68d5e35275f10c92d55f982adbd4",
          "version": "4.9.1"
        }
      },
      {
        "package": "Moya",
        "repositoryURL": "https://github.com/Moya/Moya.git",
        "state": {
          "branch": null,
          "revision": "a3dbb26039f49f439096397407fef3fc037176d8",
          "version": "12.0.1"
        }
      },
      {
        "package": "Nuke",
        "repositoryURL": "https://github.com/kean/Nuke",
        "state": {
          "branch": null,
          "revision": "6001489d22e5f41a4956c1b6cd4cf7cbe8f44dff",
          "version": "8.4.1"
        }
      },
      {
        "package": "ReactiveSwift",
        "repositoryURL": "https://github.com/ReactiveCocoa/ReactiveSwift.git",
        "state": {
          "branch": null,
          "revision": "4f6a12ae6762e825b0e19a4f7076eafa43847e6e",
          "version": "4.0.0"
        }
      },
      {
        "package": "Result",
        "repositoryURL": "https://github.com/antitypical/Result.git",
        "state": {
          "branch": null,
          "revision": "2ca499ba456795616fbc471561ff1d963e6ae160",
          "version": "4.1.0"
        }
      },
      {
        "package": "Reusable",
        "repositoryURL": "https://github.com/AliSoftware/Reusable.git",
        "state": {
          "branch": null,
          "revision": "86cd17aa27e80d20bfe2ea57dd08958cf64664f4",
          "version": "4.1.1"
        }
      },
      {
        "package": "RxSwift",
        "repositoryURL": "https://github.com/ReactiveX/RxSwift.git",
        "state": {
          "branch": null,
          "revision": "cce95dd704bc08cd3d69c087a05a6fc3118e2722",
          "version": "4.5.0"
        }
      },
      {
        "package": "SnapKit",
        "repositoryURL": "https://github.com/SnapKit/SnapKit",
        "state": {
          "branch": null,
          "revision": "d458564516e5676af9c70b4f4b2a9178294f1bc6",
          "version": "5.0.1"
        }
      },
      {
        "package": "Starscream",
        "repositoryURL": "https://github.com/daltoniam/Starscream.git",
        "state": {
          "branch": null,
          "revision": "e6b65c6d9077ea48b4a7bdda8994a1d3c6969c8d",
          "version": "3.1.1"
        }
      },
      {
        "package": "GetStream",
        "repositoryURL": "https://github.com/GetStream/stream-swift",
        "state": {
          "branch": null,
          "revision": "5d799db453f9590ca24f8c5e98af305e5494852a",
          "version": "2.2.2"
        }
      },
      {
        "package": "swift-nio-zlib-support",
        "repositoryURL": "https://github.com/apple/swift-nio-zlib-support.git",
        "state": {
          "branch": null,
          "revision": "37760e9a52030bb9011972c5213c3350fa9d41fd",
          "version": "1.0.0"
        }
      },
      {
        "package": "Swime",
        "repositoryURL": "https://github.com/sendyhalim/Swime",
        "state": {
          "branch": null,
          "revision": "918dc9f85dbcfd231e35be2e51452b0ac72665c7",
          "version": "3.0.6"
        }
      }
    ]
  },
  "version": 1
}
