PODS:
  - Alamofire (4.9.1)
  - Faye (2.0.0):
    - Starscream (~> 3.1)
  - GetStream (2.1.0):
    - GetStream/Core (= 2.1.0)
    - GetStream/Faye (= 2.1.0)
  - GetStream/Core (2.1.0):
    - Moya (~> 13.0)
    - Swime (~> 3.0)
  - GetStream/Faye (2.1.0):
    - Faye
    - GetStream/Core
  - Moya (13.0.1):
    - Moya/Core (= 13.0.1)
  - Moya/Core (13.0.1):
    - Alamofire (~> 4.1)
    - Result (~> 4.1)
  - Nuke (8.3.1)
  - Result (4.1.0)
  - Reusable (4.1.0):
    - Reusable/Storyboard (= 4.1.0)
    - Reusable/View (= 4.1.0)
  - Reusable/Storyboard (4.1.0)
  - Reusable/View (4.1.0)
  - SnapKit (5.0.1)
  - Starscream (3.1.1)
  - Swime (3.0.6)

DEPENDENCIES:
  - GetStream
  - Nuke (~> 8.1)
  - Reusable (~> 4.1)
  - SnapKit (~> 5.0)

SPEC REPOS:
  trunk:
    - Alamofire
    - Faye
    - GetStream
    - Moya
    - Nuke
    - Result
    - Reusable
    - SnapKit
    - Starscream
    - Swime

SPEC CHECKSUMS:
  Alamofire: 85e8a02c69d6020a0d734f6054870d7ecb75cf18
  Faye: be7f08638a7c27da87714716ab5bfc970d4eda6d
  GetStream: 3850b3f7e0ba262cbbb3e1382b43b58b3df60fbc
  Moya: f4a4b80ff2f8a4ffc208dfb31cd91636622fee6e
  Nuke: 85fb80f8df0cb26c28d2f4e0cb7fb93bcd6548d3
  Result: bd966fac789cc6c1563440b348ab2598cc24d5c7
  Reusable: 82be188f29d96dc5eff0db7b2393bcc08d2cdd5b
  SnapKit: 97b92857e3df3a0c71833cce143274bf6ef8e5eb
  Starscream: 4bb2f9942274833f7b4d296a55504dcfc7edb7b0
  Swime: d7b2c277503b6cea317774aedc2dce05613f8b0b

PODFILE CHECKSUM: 9e7ade0e54216a5f9f5b15901777f9c96789db5f

COCOAPODS: 1.9.1
