// !$*UTF8*$!
{
	archiveVersion = 1;
	classes = {
	};
	objectVersion = 50;
	objects = {

/* Begin PBXBuildFile section */
		63355CB6DBAFB62CCA26DB99 /* Pods_GetStreamActivityFeed.framework in Frameworks */ = {isa = PBXBuildFile; fileRef = 60A554AB5CB724535E1CB46B /* Pods_GetStreamActivityFeed.framework */; };
		8A0525B321FBA7A90029E385 /* Range+Extensions.swift in Sources */ = {isa = PBXBuildFile; fileRef = 8A0525B221FBA7A90029E385 /* Range+Extensions.swift */; };
		8A0759232211AAA9009C11FB /* ReactionPaginator.swift in Sources */ = {isa = PBXBuildFile; fileRef = 8A0759222211AAA9009C11FB /* ReactionPaginator.swift */; };
		8A0759262211B061009C11FB /* PaginationTableViewCell.swift in Sources */ = {isa = PBXBuildFile; fileRef = 8A0759242211B061009C11FB /* PaginationTableViewCell.swift */; };
		8A0759272211B061009C11FB /* PaginationTableViewCell.xib in Resources */ = {isa = PBXBuildFile; fileRef = 8A0759252211B061009C11FB /* PaginationTableViewCell.xib */; };
		8A0759292211BF90009C11FB /* PaginatorProtocol.swift in Sources */ = {isa = PBXBuildFile; fileRef = 8A0759282211BF90009C11FB /* PaginatorProtocol.swift */; };
		8A0DE43B220460840042A0FF /* PostDetailTableViewController.swift in Sources */ = {isa = PBXBuildFile; fileRef = 8A0DE43A220460840042A0FF /* PostDetailTableViewController.swift */; };
		8A0DE43F220463DC0042A0FF /* ActivityPresenter.swift in Sources */ = {isa = PBXBuildFile; fileRef = 8A0DE43E220463DC0042A0FF /* ActivityPresenter.swift */; };
		8A0DE441220465520042A0FF /* ActivityPresenter+Activity.swift in Sources */ = {isa = PBXBuildFile; fileRef = 8A0DE440220465520042A0FF /* ActivityPresenter+Activity.swift */; };
		8A0DE444220476300042A0FF /* UITableView+Extensions.swift in Sources */ = {isa = PBXBuildFile; fileRef = 8A0DE443220476300042A0FF /* UITableView+Extensions.swift */; };
		8A0DE446220478910042A0FF /* ActivityRouter.swift in Sources */ = {isa = PBXBuildFile; fileRef = 8A0DE445220478910042A0FF /* ActivityRouter.swift */; };
		8A0DE44822047DA60042A0FF /* UITableViewCell+Extensions.swift in Sources */ = {isa = PBXBuildFile; fileRef = 8A0DE44722047DA60042A0FF /* UITableViewCell+Extensions.swift */; };
		8A0DE44B2204990A0042A0FF /* ActionUsersTableViewCell.swift in Sources */ = {isa = PBXBuildFile; fileRef = 8A0DE4492204990A0042A0FF /* ActionUsersTableViewCell.swift */; };
		8A0DE44C2204990A0042A0FF /* ActionUsersTableViewCell.xib in Resources */ = {isa = PBXBuildFile; fileRef = 8A0DE44A2204990A0042A0FF /* ActionUsersTableViewCell.xib */; };
		8A0DE44E22049ECA0042A0FF /* BaseTableViewCell.swift in Sources */ = {isa = PBXBuildFile; fileRef = 8A0DE44D22049ECA0042A0FF /* BaseTableViewCell.swift */; };
		8A0EC25D221C572F008B8E9D /* BannerView.swift in Sources */ = {isa = PBXBuildFile; fileRef = 8A0EC25C221C572F008B8E9D /* BannerView.swift */; };
		8A108D1221F20E8E0080ADEB /* PostHeaderTableViewCell.swift in Sources */ = {isa = PBXBuildFile; fileRef = 8A108D1021F20E8E0080ADEB /* PostHeaderTableViewCell.swift */; };
		8A108D1321F20E8E0080ADEB /* PostHeaderTableViewCell.xib in Resources */ = {isa = PBXBuildFile; fileRef = 8A108D1121F20E8E0080ADEB /* PostHeaderTableViewCell.xib */; };
		8A108D1521F223DE0080ADEB /* Date+Extensions.swift in Sources */ = {isa = PBXBuildFile; fileRef = 8A108D1421F223DE0080ADEB /* Date+Extensions.swift */; };
		8A13FCD821EC95D700D216C6 /* AppDelegate.swift in Sources */ = {isa = PBXBuildFile; fileRef = 8A13FCD721EC95D700D216C6 /* AppDelegate.swift */; };
		8A13FCDD21EC95D700D216C6 /* Main.storyboard in Resources */ = {isa = PBXBuildFile; fileRef = 8A13FCDB21EC95D700D216C6 /* Main.storyboard */; };
		8A13FCDF21EC95D900D216C6 /* Assets.xcassets in Resources */ = {isa = PBXBuildFile; fileRef = 8A13FCDE21EC95D900D216C6 /* Assets.xcassets */; };
		8A13FCE221EC95D900D216C6 /* LaunchScreen.storyboard in Resources */ = {isa = PBXBuildFile; fileRef = 8A13FCE021EC95D900D216C6 /* LaunchScreen.storyboard */; };
		8A13FD0621ECD86700D216C6 /* User.swift in Sources */ = {isa = PBXBuildFile; fileRef = 8A13FD0521ECD86700D216C6 /* User.swift */; };
		8A13FD0D21ECF51D00D216C6 /* RootViewController.swift in Sources */ = {isa = PBXBuildFile; fileRef = 8A13FD0C21ECF51D00D216C6 /* RootViewController.swift */; };
		8A13FD0F21ECF66C00D216C6 /* RootPresenter.swift in Sources */ = {isa = PBXBuildFile; fileRef = 8A13FD0E21ECF66C00D216C6 /* RootPresenter.swift */; };
		8A13FD1121ECF6C800D216C6 /* UIApplication+Extensions.swift in Sources */ = {isa = PBXBuildFile; fileRef = 8A13FD1021ECF6C800D216C6 /* UIApplication+Extensions.swift */; };
		8A13FD1421ECF8A700D216C6 /* RootRouter.swift in Sources */ = {isa = PBXBuildFile; fileRef = 8A13FD1321ECF8A700D216C6 /* RootRouter.swift */; };
		8A2DE1C821F9E768009E2469 /* ReactionButton.swift in Sources */ = {isa = PBXBuildFile; fileRef = 8A2DE1C721F9E768009E2469 /* ReactionButton.swift */; };
		8A2DE1CA21F9E819009E2469 /* ActivityRepostable.swift in Sources */ = {isa = PBXBuildFile; fileRef = 8A2DE1C921F9E819009E2469 /* ActivityRepostable.swift */; };
		8A2DE1CD21F9F56E009E2469 /* LikeButton.swift in Sources */ = {isa = PBXBuildFile; fileRef = 8A2DE1CC21F9F56E009E2469 /* LikeButton.swift */; };
		8A2DE1CF21F9F675009E2469 /* ActivityLikable.swift in Sources */ = {isa = PBXBuildFile; fileRef = 8A2DE1CE21F9F675009E2469 /* ActivityLikable.swift */; };
		8A2DE1D121F9F7B5009E2469 /* RepostButton.swift in Sources */ = {isa = PBXBuildFile; fileRef = 8A2DE1D021F9F7B5009E2469 /* RepostButton.swift */; };
		8A2DE1D321FA2DAF009E2469 /* ReactionPresenterProtocol.swift in Sources */ = {isa = PBXBuildFile; fileRef = 8A2DE1D221FA2DAF009E2469 /* ReactionPresenterProtocol.swift */; };
		8A3573CF21F72D9D009EB9D7 /* ActivityObject.swift in Sources */ = {isa = PBXBuildFile; fileRef = 8A3573CE21F72D9D009EB9D7 /* ActivityObject.swift */; };
		8A3573D121F72DE2009EB9D7 /* Verb+Extensions.swift in Sources */ = {isa = PBXBuildFile; fileRef = 8A3573D021F72DE2009EB9D7 /* Verb+Extensions.swift */; };
		8A3573D321F74636009EB9D7 /* ActivityFeedBuilder.swift in Sources */ = {isa = PBXBuildFile; fileRef = 8A3573D221F74636009EB9D7 /* ActivityFeedBuilder.swift */; };
		8A3573D521F76A25009EB9D7 /* URL+ImageRequest.swift in Sources */ = {isa = PBXBuildFile; fileRef = 8A3573D421F76A25009EB9D7 /* URL+ImageRequest.swift */; };
		8A3E63B121EF455100E17543 /* UINavigationController+Extensions.swift in Sources */ = {isa = PBXBuildFile; fileRef = 8A3E63B021EF455100E17543 /* UINavigationController+Extensions.swift */; };
		8A3E63B421EF49A500E17543 /* BarButton.swift in Sources */ = {isa = PBXBuildFile; fileRef = 8A3E63B321EF49A500E17543 /* BarButton.swift */; };
		8A3E63B621EF63BB00E17543 /* EditProfileViewController.swift in Sources */ = {isa = PBXBuildFile; fileRef = 8A3E63B521EF63BB00E17543 /* EditProfileViewController.swift */; };
		8A3E63B821EF65D400E17543 /* UIControl+Extensions.swift in Sources */ = {isa = PBXBuildFile; fileRef = 8A3E63B721EF65D400E17543 /* UIControl+Extensions.swift */; };
		8A3E63BA21EF6DFA00E17543 /* ProfileBuilder.swift in Sources */ = {isa = PBXBuildFile; fileRef = 8A3E63B921EF6DFA00E17543 /* ProfileBuilder.swift */; };
		8A3E63BC21EF877600E17543 /* UIImage+Icons.swift in Sources */ = {isa = PBXBuildFile; fileRef = 8A3E63BB21EF877600E17543 /* UIImage+Icons.swift */; };
		8A3E63BF21EF92A000E17543 /* UIViewController+ImagePicker.swift in Sources */ = {isa = PBXBuildFile; fileRef = 8A3E63BE21EF92A000E17543 /* UIViewController+ImagePicker.swift */; };
		8A3E63C121F08C2400E17543 /* Appearance.swift in Sources */ = {isa = PBXBuildFile; fileRef = 8A3E63C021F08C2400E17543 /* Appearance.swift */; };
		8A3E63C521F08DC300E17543 /* UIColor+Extensions.swift in Sources */ = {isa = PBXBuildFile; fileRef = 8A3E63C421F08DC300E17543 /* UIColor+Extensions.swift */; };
		8A3E63C921F0B45300E17543 /* FlatFeedViewController.swift in Sources */ = {isa = PBXBuildFile; fileRef = 8A3E63C821F0B45300E17543 /* FlatFeedViewController.swift */; };
		8A3E63CB21F0B63600E17543 /* ActivityFeed.storyboard in Resources */ = {isa = PBXBuildFile; fileRef = 8A3E63CA21F0B63600E17543 /* ActivityFeed.storyboard */; };
		8A3E63CD21F0CFE200E17543 /* FlatFeedPresenter.swift in Sources */ = {isa = PBXBuildFile; fileRef = 8A3E63CC21F0CFE200E17543 /* FlatFeedPresenter.swift */; };
		8A3E63D021F0D45E00E17543 /* Activity.swift in Sources */ = {isa = PBXBuildFile; fileRef = 8A3E63CF21F0D45E00E17543 /* Activity.swift */; };
		8A420A2E220B275E00AF573F /* UIStackView+LoadingImages.swift in Sources */ = {isa = PBXBuildFile; fileRef = 8A420A2D220B275E00AF573F /* UIStackView+LoadingImages.swift */; };
		8A420A31220B2E8300AF573F /* CommentTableViewCell.swift in Sources */ = {isa = PBXBuildFile; fileRef = 8A420A2F220B2E8300AF573F /* CommentTableViewCell.swift */; };
		8A420A32220B2E8300AF573F /* CommentTableViewCell.xib in Resources */ = {isa = PBXBuildFile; fileRef = 8A420A30220B2E8300AF573F /* CommentTableViewCell.xib */; };
		8A420A34220C904500AF573F /* TextToolBar.swift in Sources */ = {isa = PBXBuildFile; fileRef = 8A420A33220C904500AF573F /* TextToolBar.swift */; };
		8A571A1D21FB0D53004949B2 /* ReactionPresenter.swift in Sources */ = {isa = PBXBuildFile; fileRef = 8A571A1C21FB0D53004949B2 /* ReactionPresenter.swift */; };
		8A571A2121FB26CC004949B2 /* UIButton+Extensions.swift in Sources */ = {isa = PBXBuildFile; fileRef = 8A571A2021FB26CC004949B2 /* UIButton+Extensions.swift */; };
		8A571A2321FB3BE1004949B2 /* EditPostViewController.swift in Sources */ = {isa = PBXBuildFile; fileRef = 8A571A2221FB3BE1004949B2 /* EditPostViewController.swift */; };
		8A6801D42200B3E600B77352 /* AddingImageCollectionViewCell.swift in Sources */ = {isa = PBXBuildFile; fileRef = 8A6801D22200B3E500B77352 /* AddingImageCollectionViewCell.swift */; };
		8A6801D52200B3E600B77352 /* AddingImageCollectionViewCell.xib in Resources */ = {isa = PBXBuildFile; fileRef = 8A6801D32200B3E600B77352 /* AddingImageCollectionViewCell.xib */; };
		8A6801DC22033B3600B77352 /* PostActionsTableViewCell.swift in Sources */ = {isa = PBXBuildFile; fileRef = 8A6801DA22033B3600B77352 /* PostActionsTableViewCell.swift */; };
		8A6801DD22033B3600B77352 /* PostActionsTableViewCell.xib in Resources */ = {isa = PBXBuildFile; fileRef = 8A6801DB22033B3600B77352 /* PostActionsTableViewCell.xib */; };
		8A68395521FB7A170003C19B /* DataDetectorWorker.swift in Sources */ = {isa = PBXBuildFile; fileRef = 8A68395421FB7A170003C19B /* DataDetectorWorker.swift */; };
		8A7559A821FF06AA002187EA /* NSAttributedString+Extensions.swift in Sources */ = {isa = PBXBuildFile; fileRef = 8A7559A721FF06AA002187EA /* NSAttributedString+Extensions.swift */; };
		8A7559AB21FF15B6002187EA /* OpenGraphWorker.swift in Sources */ = {isa = PBXBuildFile; fileRef = 8A7559AA21FF15B6002187EA /* OpenGraphWorker.swift */; };
		8A7559AD21FF18D3002187EA /* EditPostPresenter.swift in Sources */ = {isa = PBXBuildFile; fileRef = 8A7559AC21FF18D3002187EA /* EditPostPresenter.swift */; };
		8A7559B021FF2F70002187EA /* OpenGraphTableViewCell.swift in Sources */ = {isa = PBXBuildFile; fileRef = 8A7559AE21FF2F70002187EA /* OpenGraphTableViewCell.swift */; };
		8A7559B121FF2F70002187EA /* OpenGraphTableViewCell.xib in Resources */ = {isa = PBXBuildFile; fileRef = 8A7559AF21FF2F70002187EA /* OpenGraphTableViewCell.xib */; };
		8A7559B321FF55E3002187EA /* OpenGraphTableViewCell+Update.swift in Sources */ = {isa = PBXBuildFile; fileRef = 8A7559B221FF55E3002187EA /* OpenGraphTableViewCell+Update.swift */; };
		8A7559B821FF5C1D002187EA /* SeparatorTableViewCell.swift in Sources */ = {isa = PBXBuildFile; fileRef = 8A7559B621FF5C1D002187EA /* SeparatorTableViewCell.swift */; };
		8A7559B921FF5C1D002187EA /* SeparatorTableViewCell.xib in Resources */ = {isa = PBXBuildFile; fileRef = 8A7559B721FF5C1D002187EA /* SeparatorTableViewCell.xib */; };
		8A7559BC22005AE8002187EA /* WebViewController.swift in Sources */ = {isa = PBXBuildFile; fileRef = 8A7559BB22005AE8002187EA /* WebViewController.swift */; };
		8A9DFC4322034DDC002F8700 /* PostAttachmentImagesTableViewCell.swift in Sources */ = {isa = PBXBuildFile; fileRef = 8A9DFC4122034DDC002F8700 /* PostAttachmentImagesTableViewCell.swift */; };
		8A9DFC4422034DDC002F8700 /* PostAttachmentImagesTableViewCell.xib in Resources */ = {isa = PBXBuildFile; fileRef = 8A9DFC4222034DDC002F8700 /* PostAttachmentImagesTableViewCell.xib */; };
		8A9E4BA12215BBE200BF8A10 /* Notifications.storyboard in Resources */ = {isa = PBXBuildFile; fileRef = 8A9E4BA02215BBE200BF8A10 /* Notifications.storyboard */; };
		8A9E4BA32215BC3800BF8A10 /* NotificationsBuilder.swift in Sources */ = {isa = PBXBuildFile; fileRef = 8A9E4BA22215BC3800BF8A10 /* NotificationsBuilder.swift */; };
		8A9E4BA52215BC9400BF8A10 /* NotificationsViewController.swift in Sources */ = {isa = PBXBuildFile; fileRef = 8A9E4BA42215BC9400BF8A10 /* NotificationsViewController.swift */; };
		8A9E4BA72216C47600BF8A10 /* NotificationsPresenter.swift in Sources */ = {isa = PBXBuildFile; fileRef = 8A9E4BA62216C47600BF8A10 /* NotificationsPresenter.swift */; };
		8A9E4BAC2217052200BF8A10 /* NotificationTableViewCell.swift in Sources */ = {isa = PBXBuildFile; fileRef = 8A9E4BAA2217052200BF8A10 /* NotificationTableViewCell.swift */; };
		8A9E4BAD2217052200BF8A10 /* NotificationTableViewCell.xib in Resources */ = {isa = PBXBuildFile; fileRef = 8A9E4BAB2217052200BF8A10 /* NotificationTableViewCell.xib */; };
		8AABA962221B466300E24505 /* UITabBarController+Extensions.swift in Sources */ = {isa = PBXBuildFile; fileRef = 8AABA961221B466300E24505 /* UITabBarController+Extensions.swift */; };
		8AAEE3EE221AB3D700327FCB /* SubscriptionPresenter.swift in Sources */ = {isa = PBXBuildFile; fileRef = 8AAEE3ED221AB3D700327FCB /* SubscriptionPresenter.swift */; };
		8AAEE3F6221AF3DA00327FCB /* BellButton.swift in Sources */ = {isa = PBXBuildFile; fileRef = 8AAEE3F5221AF3DA00327FCB /* BellButton.swift */; };
		8AC40FAB21EE0ED50073B749 /* UIViewController+Extensions.swift in Sources */ = {isa = PBXBuildFile; fileRef = 8AC40FAA21EE0ED50073B749 /* UIViewController+Extensions.swift */; };
		8AC40FAD21EE0FBB0073B749 /* RootBuilder.swift in Sources */ = {isa = PBXBuildFile; fileRef = 8AC40FAC21EE0FBB0073B749 /* RootBuilder.swift */; };
		8AC40FB021EE2C8D0073B749 /* ProfileViewController.swift in Sources */ = {isa = PBXBuildFile; fileRef = 8AC40FAF21EE2C8D0073B749 /* ProfileViewController.swift */; };
		8AC40FB221EE2CB10073B749 /* Profile.storyboard in Resources */ = {isa = PBXBuildFile; fileRef = 8AC40FB121EE2CB10073B749 /* Profile.storyboard */; };
		8AC40FB421EE3A120073B749 /* BundledStoryboardLoadable.swift in Sources */ = {isa = PBXBuildFile; fileRef = 8AC40FB321EE3A120073B749 /* BundledStoryboardLoadable.swift */; };
		8AC40FB821EE57570073B749 /* AvatarPresentable.swift in Sources */ = {isa = PBXBuildFile; fileRef = 8AC40FB721EE57570073B749 /* AvatarPresentable.swift */; };
		8AC40FBA21EE57D80073B749 /* AvatarView.swift in Sources */ = {isa = PBXBuildFile; fileRef = 8AC40FB921EE57D80073B749 /* AvatarView.swift */; };
		8AC40FBC21EF356F0073B749 /* UIImage+Extensions.swift in Sources */ = {isa = PBXBuildFile; fileRef = 8AC40FBB21EF356F0073B749 /* UIImage+Extensions.swift */; };
		8AD370A522145DF500182834 /* ImageGalleryViewController.swift in Sources */ = {isa = PBXBuildFile; fileRef = 8AD370A422145DF500182834 /* ImageGalleryViewController.swift */; };
/* End PBXBuildFile section */

/* Begin PBXFileReference section */
		60A554AB5CB724535E1CB46B /* Pods_GetStreamActivityFeed.framework */ = {isa = PBXFileReference; explicitFileType = wrapper.framework; includeInIndex = 0; path = Pods_GetStreamActivityFeed.framework; sourceTree = BUILT_PRODUCTS_DIR; };
		8A0525B221FBA7A90029E385 /* Range+Extensions.swift */ = {isa = PBXFileReference; lastKnownFileType = sourcecode.swift; path = "Range+Extensions.swift"; sourceTree = "<group>"; };
		8A0759222211AAA9009C11FB /* ReactionPaginator.swift */ = {isa = PBXFileReference; lastKnownFileType = sourcecode.swift; path = ReactionPaginator.swift; sourceTree = "<group>"; };
		8A0759242211B061009C11FB /* PaginationTableViewCell.swift */ = {isa = PBXFileReference; lastKnownFileType = sourcecode.swift; path = PaginationTableViewCell.swift; sourceTree = "<group>"; };
		8A0759252211B061009C11FB /* PaginationTableViewCell.xib */ = {isa = PBXFileReference; lastKnownFileType = file.xib; path = PaginationTableViewCell.xib; sourceTree = "<group>"; };
		8A0759282211BF90009C11FB /* PaginatorProtocol.swift */ = {isa = PBXFileReference; lastKnownFileType = sourcecode.swift; path = PaginatorProtocol.swift; sourceTree = "<group>"; };
		8A0DE43A220460840042A0FF /* PostDetailTableViewController.swift */ = {isa = PBXFileReference; lastKnownFileType = sourcecode.swift; path = PostDetailTableViewController.swift; sourceTree = "<group>"; };
		8A0DE43E220463DC0042A0FF /* ActivityPresenter.swift */ = {isa = PBXFileReference; lastKnownFileType = sourcecode.swift; path = ActivityPresenter.swift; sourceTree = "<group>"; };
		8A0DE440220465520042A0FF /* ActivityPresenter+Activity.swift */ = {isa = PBXFileReference; lastKnownFileType = sourcecode.swift; path = "ActivityPresenter+Activity.swift"; sourceTree = "<group>"; };
		8A0DE443220476300042A0FF /* UITableView+Extensions.swift */ = {isa = PBXFileReference; lastKnownFileType = sourcecode.swift; path = "UITableView+Extensions.swift"; sourceTree = "<group>"; };
		8A0DE445220478910042A0FF /* ActivityRouter.swift */ = {isa = PBXFileReference; lastKnownFileType = sourcecode.swift; path = ActivityRouter.swift; sourceTree = "<group>"; };
		8A0DE44722047DA60042A0FF /* UITableViewCell+Extensions.swift */ = {isa = PBXFileReference; lastKnownFileType = sourcecode.swift; path = "UITableViewCell+Extensions.swift"; sourceTree = "<group>"; };
		8A0DE4492204990A0042A0FF /* ActionUsersTableViewCell.swift */ = {isa = PBXFileReference; lastKnownFileType = sourcecode.swift; path = ActionUsersTableViewCell.swift; sourceTree = "<group>"; };
		8A0DE44A2204990A0042A0FF /* ActionUsersTableViewCell.xib */ = {isa = PBXFileReference; lastKnownFileType = file.xib; path = ActionUsersTableViewCell.xib; sourceTree = "<group>"; };
		8A0DE44D22049ECA0042A0FF /* BaseTableViewCell.swift */ = {isa = PBXFileReference; lastKnownFileType = sourcecode.swift; path = BaseTableViewCell.swift; sourceTree = "<group>"; };
		8A0EC25C221C572F008B8E9D /* BannerView.swift */ = {isa = PBXFileReference; lastKnownFileType = sourcecode.swift; path = BannerView.swift; sourceTree = "<group>"; };
		8A108D1021F20E8E0080ADEB /* PostHeaderTableViewCell.swift */ = {isa = PBXFileReference; lastKnownFileType = sourcecode.swift; path = PostHeaderTableViewCell.swift; sourceTree = "<group>"; };
		8A108D1121F20E8E0080ADEB /* PostHeaderTableViewCell.xib */ = {isa = PBXFileReference; lastKnownFileType = file.xib; path = PostHeaderTableViewCell.xib; sourceTree = "<group>"; };
		8A108D1421F223DE0080ADEB /* Date+Extensions.swift */ = {isa = PBXFileReference; lastKnownFileType = sourcecode.swift; path = "Date+Extensions.swift"; sourceTree = "<group>"; };
		8A13FCD421EC95D700D216C6 /* GetStreamActivityFeed.app */ = {isa = PBXFileReference; explicitFileType = wrapper.application; includeInIndex = 0; path = GetStreamActivityFeed.app; sourceTree = BUILT_PRODUCTS_DIR; };
		8A13FCD721EC95D700D216C6 /* AppDelegate.swift */ = {isa = PBXFileReference; lastKnownFileType = sourcecode.swift; path = AppDelegate.swift; sourceTree = "<group>"; };
		8A13FCDC21EC95D700D216C6 /* Base */ = {isa = PBXFileReference; lastKnownFileType = file.storyboard; name = Base; path = Base.lproj/Main.storyboard; sourceTree = "<group>"; };
		8A13FCDE21EC95D900D216C6 /* Assets.xcassets */ = {isa = PBXFileReference; lastKnownFileType = folder.assetcatalog; path = Assets.xcassets; sourceTree = "<group>"; };
		8A13FCE121EC95D900D216C6 /* Base */ = {isa = PBXFileReference; lastKnownFileType = file.storyboard; name = Base; path = Base.lproj/LaunchScreen.storyboard; sourceTree = "<group>"; };
		8A13FCE321EC95D900D216C6 /* Info.plist */ = {isa = PBXFileReference; lastKnownFileType = text.plist.xml; path = Info.plist; sourceTree = "<group>"; };
		8A13FCFA21ECBD1100D216C6 /* LICENSE */ = {isa = PBXFileReference; lastKnownFileType = text; path = LICENSE; sourceTree = "<group>"; };
		8A13FCFB21ECBD1100D216C6 /* README.md */ = {isa = PBXFileReference; lastKnownFileType = net.daringfireball.markdown; path = README.md; sourceTree = "<group>"; };
		8A13FD0521ECD86700D216C6 /* User.swift */ = {isa = PBXFileReference; lastKnownFileType = sourcecode.swift; path = User.swift; sourceTree = "<group>"; };
		8A13FD0C21ECF51D00D216C6 /* RootViewController.swift */ = {isa = PBXFileReference; fileEncoding = 4; lastKnownFileType = sourcecode.swift; path = RootViewController.swift; sourceTree = "<group>"; };
		8A13FD0E21ECF66C00D216C6 /* RootPresenter.swift */ = {isa = PBXFileReference; lastKnownFileType = sourcecode.swift; path = RootPresenter.swift; sourceTree = "<group>"; };
		8A13FD1021ECF6C800D216C6 /* UIApplication+Extensions.swift */ = {isa = PBXFileReference; lastKnownFileType = sourcecode.swift; path = "UIApplication+Extensions.swift"; sourceTree = "<group>"; };
		8A13FD1321ECF8A700D216C6 /* RootRouter.swift */ = {isa = PBXFileReference; lastKnownFileType = sourcecode.swift; path = RootRouter.swift; sourceTree = "<group>"; };
		8A2D83FC2226C6CA00795FAE /* GetStreamActivityFeed.podspec */ = {isa = PBXFileReference; lastKnownFileType = text; path = GetStreamActivityFeed.podspec; sourceTree = "<group>"; xcLanguageSpecificationIdentifier = xcode.lang.ruby; };
		8A2DE1C721F9E768009E2469 /* ReactionButton.swift */ = {isa = PBXFileReference; lastKnownFileType = sourcecode.swift; path = ReactionButton.swift; sourceTree = "<group>"; };
		8A2DE1C921F9E819009E2469 /* ActivityRepostable.swift */ = {isa = PBXFileReference; lastKnownFileType = sourcecode.swift; path = ActivityRepostable.swift; sourceTree = "<group>"; };
		8A2DE1CC21F9F56E009E2469 /* LikeButton.swift */ = {isa = PBXFileReference; lastKnownFileType = sourcecode.swift; path = LikeButton.swift; sourceTree = "<group>"; };
		8A2DE1CE21F9F675009E2469 /* ActivityLikable.swift */ = {isa = PBXFileReference; lastKnownFileType = sourcecode.swift; path = ActivityLikable.swift; sourceTree = "<group>"; };
		8A2DE1D021F9F7B5009E2469 /* RepostButton.swift */ = {isa = PBXFileReference; lastKnownFileType = sourcecode.swift; path = RepostButton.swift; sourceTree = "<group>"; };
		8A2DE1D221FA2DAF009E2469 /* ReactionPresenterProtocol.swift */ = {isa = PBXFileReference; lastKnownFileType = sourcecode.swift; path = ReactionPresenterProtocol.swift; sourceTree = "<group>"; };
		8A3573CE21F72D9D009EB9D7 /* ActivityObject.swift */ = {isa = PBXFileReference; lastKnownFileType = sourcecode.swift; path = ActivityObject.swift; sourceTree = "<group>"; };
		8A3573D021F72DE2009EB9D7 /* Verb+Extensions.swift */ = {isa = PBXFileReference; lastKnownFileType = sourcecode.swift; path = "Verb+Extensions.swift"; sourceTree = "<group>"; };
		8A3573D221F74636009EB9D7 /* ActivityFeedBuilder.swift */ = {isa = PBXFileReference; lastKnownFileType = sourcecode.swift; path = ActivityFeedBuilder.swift; sourceTree = "<group>"; };
		8A3573D421F76A25009EB9D7 /* URL+ImageRequest.swift */ = {isa = PBXFileReference; lastKnownFileType = sourcecode.swift; path = "URL+ImageRequest.swift"; sourceTree = "<group>"; };
		8A3E63B021EF455100E17543 /* UINavigationController+Extensions.swift */ = {isa = PBXFileReference; lastKnownFileType = sourcecode.swift; path = "UINavigationController+Extensions.swift"; sourceTree = "<group>"; };
		8A3E63B321EF49A500E17543 /* BarButton.swift */ = {isa = PBXFileReference; lastKnownFileType = sourcecode.swift; path = BarButton.swift; sourceTree = "<group>"; };
		8A3E63B521EF63BB00E17543 /* EditProfileViewController.swift */ = {isa = PBXFileReference; lastKnownFileType = sourcecode.swift; path = EditProfileViewController.swift; sourceTree = "<group>"; };
		8A3E63B721EF65D400E17543 /* UIControl+Extensions.swift */ = {isa = PBXFileReference; lastKnownFileType = sourcecode.swift; path = "UIControl+Extensions.swift"; sourceTree = "<group>"; };
		8A3E63B921EF6DFA00E17543 /* ProfileBuilder.swift */ = {isa = PBXFileReference; lastKnownFileType = sourcecode.swift; path = ProfileBuilder.swift; sourceTree = "<group>"; };
		8A3E63BB21EF877600E17543 /* UIImage+Icons.swift */ = {isa = PBXFileReference; lastKnownFileType = sourcecode.swift; path = "UIImage+Icons.swift"; sourceTree = "<group>"; };
		8A3E63BE21EF92A000E17543 /* UIViewController+ImagePicker.swift */ = {isa = PBXFileReference; lastKnownFileType = sourcecode.swift; path = "UIViewController+ImagePicker.swift"; sourceTree = "<group>"; };
		8A3E63C021F08C2400E17543 /* Appearance.swift */ = {isa = PBXFileReference; lastKnownFileType = sourcecode.swift; path = Appearance.swift; sourceTree = "<group>"; };
		8A3E63C421F08DC300E17543 /* UIColor+Extensions.swift */ = {isa = PBXFileReference; lastKnownFileType = sourcecode.swift; path = "UIColor+Extensions.swift"; sourceTree = "<group>"; };
		8A3E63C821F0B45300E17543 /* FlatFeedViewController.swift */ = {isa = PBXFileReference; lastKnownFileType = sourcecode.swift; path = FlatFeedViewController.swift; sourceTree = "<group>"; };
		8A3E63CA21F0B63600E17543 /* ActivityFeed.storyboard */ = {isa = PBXFileReference; lastKnownFileType = file.storyboard; path = ActivityFeed.storyboard; sourceTree = "<group>"; };
		8A3E63CC21F0CFE200E17543 /* FlatFeedPresenter.swift */ = {isa = PBXFileReference; lastKnownFileType = sourcecode.swift; path = FlatFeedPresenter.swift; sourceTree = "<group>"; };
		8A3E63CF21F0D45E00E17543 /* Activity.swift */ = {isa = PBXFileReference; lastKnownFileType = sourcecode.swift; path = Activity.swift; sourceTree = "<group>"; };
		8A420A2D220B275E00AF573F /* UIStackView+LoadingImages.swift */ = {isa = PBXFileReference; lastKnownFileType = sourcecode.swift; path = "UIStackView+LoadingImages.swift"; sourceTree = "<group>"; };
		8A420A2F220B2E8300AF573F /* CommentTableViewCell.swift */ = {isa = PBXFileReference; lastKnownFileType = sourcecode.swift; path = CommentTableViewCell.swift; sourceTree = "<group>"; };
		8A420A30220B2E8300AF573F /* CommentTableViewCell.xib */ = {isa = PBXFileReference; lastKnownFileType = file.xib; path = CommentTableViewCell.xib; sourceTree = "<group>"; };
		8A420A33220C904500AF573F /* TextToolBar.swift */ = {isa = PBXFileReference; lastKnownFileType = sourcecode.swift; path = TextToolBar.swift; sourceTree = "<group>"; };
		8A571A1C21FB0D53004949B2 /* ReactionPresenter.swift */ = {isa = PBXFileReference; lastKnownFileType = sourcecode.swift; path = ReactionPresenter.swift; sourceTree = "<group>"; };
		8A571A2021FB26CC004949B2 /* UIButton+Extensions.swift */ = {isa = PBXFileReference; lastKnownFileType = sourcecode.swift; path = "UIButton+Extensions.swift"; sourceTree = "<group>"; };
		8A571A2221FB3BE1004949B2 /* EditPostViewController.swift */ = {isa = PBXFileReference; lastKnownFileType = sourcecode.swift; path = EditPostViewController.swift; sourceTree = "<group>"; };
		8A6801D22200B3E500B77352 /* AddingImageCollectionViewCell.swift */ = {isa = PBXFileReference; fileEncoding = 4; lastKnownFileType = sourcecode.swift; path = AddingImageCollectionViewCell.swift; sourceTree = "<group>"; };
		8A6801D32200B3E600B77352 /* AddingImageCollectionViewCell.xib */ = {isa = PBXFileReference; fileEncoding = 4; lastKnownFileType = file.xib; path = AddingImageCollectionViewCell.xib; sourceTree = "<group>"; };
		8A6801DA22033B3600B77352 /* PostActionsTableViewCell.swift */ = {isa = PBXFileReference; lastKnownFileType = sourcecode.swift; path = PostActionsTableViewCell.swift; sourceTree = "<group>"; };
		8A6801DB22033B3600B77352 /* PostActionsTableViewCell.xib */ = {isa = PBXFileReference; lastKnownFileType = file.xib; path = PostActionsTableViewCell.xib; sourceTree = "<group>"; };
		8A68395421FB7A170003C19B /* DataDetectorWorker.swift */ = {isa = PBXFileReference; lastKnownFileType = sourcecode.swift; path = DataDetectorWorker.swift; sourceTree = "<group>"; };
		8A7559A721FF06AA002187EA /* NSAttributedString+Extensions.swift */ = {isa = PBXFileReference; lastKnownFileType = sourcecode.swift; path = "NSAttributedString+Extensions.swift"; sourceTree = "<group>"; };
		8A7559AA21FF15B6002187EA /* OpenGraphWorker.swift */ = {isa = PBXFileReference; lastKnownFileType = sourcecode.swift; path = OpenGraphWorker.swift; sourceTree = "<group>"; };
		8A7559AC21FF18D3002187EA /* EditPostPresenter.swift */ = {isa = PBXFileReference; lastKnownFileType = sourcecode.swift; path = EditPostPresenter.swift; sourceTree = "<group>"; };
		8A7559AE21FF2F70002187EA /* OpenGraphTableViewCell.swift */ = {isa = PBXFileReference; lastKnownFileType = sourcecode.swift; path = OpenGraphTableViewCell.swift; sourceTree = "<group>"; };
		8A7559AF21FF2F70002187EA /* OpenGraphTableViewCell.xib */ = {isa = PBXFileReference; lastKnownFileType = file.xib; path = OpenGraphTableViewCell.xib; sourceTree = "<group>"; };
		8A7559B221FF55E3002187EA /* OpenGraphTableViewCell+Update.swift */ = {isa = PBXFileReference; lastKnownFileType = sourcecode.swift; path = "OpenGraphTableViewCell+Update.swift"; sourceTree = "<group>"; };
		8A7559B621FF5C1D002187EA /* SeparatorTableViewCell.swift */ = {isa = PBXFileReference; lastKnownFileType = sourcecode.swift; path = SeparatorTableViewCell.swift; sourceTree = "<group>"; };
		8A7559B721FF5C1D002187EA /* SeparatorTableViewCell.xib */ = {isa = PBXFileReference; lastKnownFileType = file.xib; path = SeparatorTableViewCell.xib; sourceTree = "<group>"; };
		8A7559BB22005AE8002187EA /* WebViewController.swift */ = {isa = PBXFileReference; lastKnownFileType = sourcecode.swift; path = WebViewController.swift; sourceTree = "<group>"; };
		8A9DFC4122034DDC002F8700 /* PostAttachmentImagesTableViewCell.swift */ = {isa = PBXFileReference; lastKnownFileType = sourcecode.swift; path = PostAttachmentImagesTableViewCell.swift; sourceTree = "<group>"; };
		8A9DFC4222034DDC002F8700 /* PostAttachmentImagesTableViewCell.xib */ = {isa = PBXFileReference; lastKnownFileType = file.xib; path = PostAttachmentImagesTableViewCell.xib; sourceTree = "<group>"; };
		8A9E4BA02215BBE200BF8A10 /* Notifications.storyboard */ = {isa = PBXFileReference; lastKnownFileType = file.storyboard; path = Notifications.storyboard; sourceTree = "<group>"; };
		8A9E4BA22215BC3800BF8A10 /* NotificationsBuilder.swift */ = {isa = PBXFileReference; lastKnownFileType = sourcecode.swift; path = NotificationsBuilder.swift; sourceTree = "<group>"; };
		8A9E4BA42215BC9400BF8A10 /* NotificationsViewController.swift */ = {isa = PBXFileReference; lastKnownFileType = sourcecode.swift; path = NotificationsViewController.swift; sourceTree = "<group>"; };
		8A9E4BA62216C47600BF8A10 /* NotificationsPresenter.swift */ = {isa = PBXFileReference; lastKnownFileType = sourcecode.swift; path = NotificationsPresenter.swift; sourceTree = "<group>"; };
		8A9E4BAA2217052200BF8A10 /* NotificationTableViewCell.swift */ = {isa = PBXFileReference; lastKnownFileType = sourcecode.swift; path = NotificationTableViewCell.swift; sourceTree = "<group>"; };
		8A9E4BAB2217052200BF8A10 /* NotificationTableViewCell.xib */ = {isa = PBXFileReference; lastKnownFileType = file.xib; path = NotificationTableViewCell.xib; sourceTree = "<group>"; };
		8AABA961221B466300E24505 /* UITabBarController+Extensions.swift */ = {isa = PBXFileReference; lastKnownFileType = sourcecode.swift; path = "UITabBarController+Extensions.swift"; sourceTree = "<group>"; };
		8AAEE3ED221AB3D700327FCB /* SubscriptionPresenter.swift */ = {isa = PBXFileReference; lastKnownFileType = sourcecode.swift; path = SubscriptionPresenter.swift; sourceTree = "<group>"; };
		8AAEE3F5221AF3DA00327FCB /* BellButton.swift */ = {isa = PBXFileReference; lastKnownFileType = sourcecode.swift; path = BellButton.swift; sourceTree = "<group>"; };
		8AC40FAA21EE0ED50073B749 /* UIViewController+Extensions.swift */ = {isa = PBXFileReference; lastKnownFileType = sourcecode.swift; path = "UIViewController+Extensions.swift"; sourceTree = "<group>"; };
		8AC40FAC21EE0FBB0073B749 /* RootBuilder.swift */ = {isa = PBXFileReference; lastKnownFileType = sourcecode.swift; path = RootBuilder.swift; sourceTree = "<group>"; };
		8AC40FAF21EE2C8D0073B749 /* ProfileViewController.swift */ = {isa = PBXFileReference; lastKnownFileType = sourcecode.swift; path = ProfileViewController.swift; sourceTree = "<group>"; };
		8AC40FB121EE2CB10073B749 /* Profile.storyboard */ = {isa = PBXFileReference; lastKnownFileType = file.storyboard; path = Profile.storyboard; sourceTree = "<group>"; };
		8AC40FB321EE3A120073B749 /* BundledStoryboardLoadable.swift */ = {isa = PBXFileReference; lastKnownFileType = sourcecode.swift; path = BundledStoryboardLoadable.swift; sourceTree = "<group>"; };
		8AC40FB721EE57570073B749 /* AvatarPresentable.swift */ = {isa = PBXFileReference; lastKnownFileType = sourcecode.swift; path = AvatarPresentable.swift; sourceTree = "<group>"; };
		8AC40FB921EE57D80073B749 /* AvatarView.swift */ = {isa = PBXFileReference; lastKnownFileType = sourcecode.swift; path = AvatarView.swift; sourceTree = "<group>"; };
		8AC40FBB21EF356F0073B749 /* UIImage+Extensions.swift */ = {isa = PBXFileReference; lastKnownFileType = sourcecode.swift; path = "UIImage+Extensions.swift"; sourceTree = "<group>"; };
		8AD370A422145DF500182834 /* ImageGalleryViewController.swift */ = {isa = PBXFileReference; lastKnownFileType = sourcecode.swift; path = ImageGalleryViewController.swift; sourceTree = "<group>"; };
		94BE0BBF8EF5D3D2C85C23D5 /* Pods-GetStreamActivityFeed.debug.xcconfig */ = {isa = PBXFileReference; includeInIndex = 1; lastKnownFileType = text.xcconfig; name = "Pods-GetStreamActivityFeed.debug.xcconfig"; path = "Target Support Files/Pods-GetStreamActivityFeed/Pods-GetStreamActivityFeed.debug.xcconfig"; sourceTree = "<group>"; };
		FBE5C433E161964E569605F0 /* Pods-GetStreamActivityFeed.release.xcconfig */ = {isa = PBXFileReference; includeInIndex = 1; lastKnownFileType = text.xcconfig; name = "Pods-GetStreamActivityFeed.release.xcconfig"; path = "Target Support Files/Pods-GetStreamActivityFeed/Pods-GetStreamActivityFeed.release.xcconfig"; sourceTree = "<group>"; };
/* End PBXFileReference section */

/* Begin PBXFrameworksBuildPhase section */
		8A13FCD121EC95D700D216C6 /* Frameworks */ = {
			isa = PBXFrameworksBuildPhase;
			buildActionMask = 2147483647;
			files = (
				63355CB6DBAFB62CCA26DB99 /* Pods_GetStreamActivityFeed.framework in Frameworks */,
			);
			runOnlyForDeploymentPostprocessing = 0;
		};
/* End PBXFrameworksBuildPhase section */

/* Begin PBXGroup section */
		0F8A702313C4CDBAD5D21A97 /* Pods */ = {
			isa = PBXGroup;
			children = (
				94BE0BBF8EF5D3D2C85C23D5 /* Pods-GetStreamActivityFeed.debug.xcconfig */,
				FBE5C433E161964E569605F0 /* Pods-GetStreamActivityFeed.release.xcconfig */,
			);
			path = Pods;
			sourceTree = "<group>";
		};
		8A0DE43C220461B20042A0FF /* Edit */ = {
			isa = PBXGroup;
			children = (
				8A571A2221FB3BE1004949B2 /* EditPostViewController.swift */,
				8A7559AC21FF18D3002187EA /* EditPostPresenter.swift */,
			);
			path = Edit;
			sourceTree = "<group>";
		};
		8A0DE4422204760E0042A0FF /* UIKit */ = {
			isa = PBXGroup;
			children = (
				8AC40FB321EE3A120073B749 /* BundledStoryboardLoadable.swift */,
				8AC40FAA21EE0ED50073B749 /* UIViewController+Extensions.swift */,
				8A3E63B021EF455100E17543 /* UINavigationController+Extensions.swift */,
				8AC40FBB21EF356F0073B749 /* UIImage+Extensions.swift */,
				8A3E63B721EF65D400E17543 /* UIControl+Extensions.swift */,
				8A3E63C421F08DC300E17543 /* UIColor+Extensions.swift */,
				8A571A2021FB26CC004949B2 /* UIButton+Extensions.swift */,
				8A0DE443220476300042A0FF /* UITableView+Extensions.swift */,
				8A0DE44722047DA60042A0FF /* UITableViewCell+Extensions.swift */,
				8A420A2D220B275E00AF573F /* UIStackView+LoadingImages.swift */,
				8AABA961221B466300E24505 /* UITabBarController+Extensions.swift */,
				8A3E63BB21EF877600E17543 /* UIImage+Icons.swift */,
			);
			path = UIKit;
			sourceTree = "<group>";
		};
		8A13FCCB21EC95D700D216C6 = {
			isa = PBXGroup;
			children = (
				8A13FCF921EC9AAC00D216C6 /* Sources */,
				8A13FCD621EC95D700D216C6 /* GetStreamActivityFeed */,
				8A13FCD521EC95D700D216C6 /* Products */,
				0F8A702313C4CDBAD5D21A97 /* Pods */,
				FEA282DD76743CC8142F3496 /* Frameworks */,
				8A2D83FC2226C6CA00795FAE /* GetStreamActivityFeed.podspec */,
				8A13FCFB21ECBD1100D216C6 /* README.md */,
				8A13FCFA21ECBD1100D216C6 /* LICENSE */,
			);
			sourceTree = "<group>";
		};
		8A13FCD521EC95D700D216C6 /* Products */ = {
			isa = PBXGroup;
			children = (
				8A13FCD421EC95D700D216C6 /* GetStreamActivityFeed.app */,
			);
			name = Products;
			sourceTree = "<group>";
		};
		8A13FCD621EC95D700D216C6 /* GetStreamActivityFeed */ = {
			isa = PBXGroup;
			children = (
				8A13FCF721EC9A4F00D216C6 /* App */,
				8A3E63CE21F0D45100E17543 /* Models */,
				8A13FCF821EC9A5A00D216C6 /* User Story */,
				8A13FCDE21EC95D900D216C6 /* Assets.xcassets */,
				8A13FCE321EC95D900D216C6 /* Info.plist */,
			);
			path = GetStreamActivityFeed;
			sourceTree = "<group>";
		};
		8A13FCF721EC9A4F00D216C6 /* App */ = {
			isa = PBXGroup;
			children = (
				8A13FCD721EC95D700D216C6 /* AppDelegate.swift */,
				8A13FCE021EC95D900D216C6 /* LaunchScreen.storyboard */,
				8A13FD1021ECF6C800D216C6 /* UIApplication+Extensions.swift */,
			);
			path = App;
			sourceTree = "<group>";
		};
		8A13FCF821EC9A5A00D216C6 /* User Story */ = {
			isa = PBXGroup;
			children = (
				8A13FD1221ECF87700D216C6 /* Root */,
				8A3E63C721F0B43F00E17543 /* Activity Feed */,
				8A9E4B9F2215BBC100BF8A10 /* Notifications */,
				8AC40FAE21EE18160073B749 /* Profile */,
			);
			path = "User Story";
			sourceTree = "<group>";
		};
		8A13FCF921EC9AAC00D216C6 /* Sources */ = {
			isa = PBXGroup;
			children = (
				8A13FD0421ECD84600D216C6 /* Models */,
				8A571A1E21FB15CE004949B2 /* Components */,
				8AC40FB521EE55960073B749 /* Views */,
				8A3E63BD21EF909700E17543 /* Photo Picker */,
				8A13FD0921ECE9CF00D216C6 /* Services */,
				8A3E63C221F08CD800E17543 /* Extensions */,
			);
			path = Sources;
			sourceTree = "<group>";
		};
		8A13FD0321ECD83A00D216C6 /* Flat Feed */ = {
			isa = PBXGroup;
			children = (
				8A3E63CC21F0CFE200E17543 /* FlatFeedPresenter.swift */,
			);
			path = "Flat Feed";
			sourceTree = "<group>";
		};
		8A13FD0421ECD84600D216C6 /* Models */ = {
			isa = PBXGroup;
			children = (
				8A2D842122295D6800795FAE /* Protocols */,
				8A13FD0521ECD86700D216C6 /* User.swift */,
				8A3E63CF21F0D45E00E17543 /* Activity.swift */,
				8A3573CE21F72D9D009EB9D7 /* ActivityObject.swift */,
				8A3573D021F72DE2009EB9D7 /* Verb+Extensions.swift */,
			);
			path = Models;
			sourceTree = "<group>";
		};
		8A13FD0921ECE9CF00D216C6 /* Services */ = {
			isa = PBXGroup;
			children = (
				8A3E63C021F08C2400E17543 /* Appearance.swift */,
			);
			path = Services;
			sourceTree = "<group>";
		};
		8A13FD1221ECF87700D216C6 /* Root */ = {
			isa = PBXGroup;
			children = (
				8A13FCDB21EC95D700D216C6 /* Main.storyboard */,
				8AC40FAC21EE0FBB0073B749 /* RootBuilder.swift */,
				8A13FD0C21ECF51D00D216C6 /* RootViewController.swift */,
				8A13FD0E21ECF66C00D216C6 /* RootPresenter.swift */,
				8A13FD1321ECF8A700D216C6 /* RootRouter.swift */,
			);
			path = Root;
			sourceTree = "<group>";
		};
		8A2D842122295D6800795FAE /* Protocols */ = {
			isa = PBXGroup;
			children = (
				8A2DE1C921F9E819009E2469 /* ActivityRepostable.swift */,
				8A2DE1CE21F9F675009E2469 /* ActivityLikable.swift */,
				8A0759282211BF90009C11FB /* PaginatorProtocol.swift */,
			);
			path = Protocols;
			sourceTree = "<group>";
		};
		8A2DE1CB21F9F550009E2469 /* Reaction Buttons */ = {
			isa = PBXGroup;
			children = (
				8A2DE1C721F9E768009E2469 /* ReactionButton.swift */,
				8A2DE1CC21F9F56E009E2469 /* LikeButton.swift */,
				8A2DE1D021F9F7B5009E2469 /* RepostButton.swift */,
			);
			path = "Reaction Buttons";
			sourceTree = "<group>";
		};
		8A3E63B221EF497B00E17543 /* Button */ = {
			isa = PBXGroup;
			children = (
				8A3E63B321EF49A500E17543 /* BarButton.swift */,
			);
			path = Button;
			sourceTree = "<group>";
		};
		8A3E63BD21EF909700E17543 /* Photo Picker */ = {
			isa = PBXGroup;
			children = (
				8A3E63BE21EF92A000E17543 /* UIViewController+ImagePicker.swift */,
			);
			path = "Photo Picker";
			sourceTree = "<group>";
		};
		8A3E63C221F08CD800E17543 /* Extensions */ = {
			isa = PBXGroup;
			children = (
				8A0DE4422204760E0042A0FF /* UIKit */,
				8A108D1421F223DE0080ADEB /* Date+Extensions.swift */,
				8A0525B221FBA7A90029E385 /* Range+Extensions.swift */,
				8A7559A721FF06AA002187EA /* NSAttributedString+Extensions.swift */,
				8A3573D421F76A25009EB9D7 /* URL+ImageRequest.swift */,
			);
			path = Extensions;
			sourceTree = "<group>";
		};
		8A3E63C721F0B43F00E17543 /* Activity Feed */ = {
			isa = PBXGroup;
			children = (
				8A3E63CA21F0B63600E17543 /* ActivityFeed.storyboard */,
				8A3573D221F74636009EB9D7 /* ActivityFeedBuilder.swift */,
				8A0DE445220478910042A0FF /* ActivityRouter.swift */,
				8A3E63C821F0B45300E17543 /* FlatFeedViewController.swift */,
				8A0DE43C220461B20042A0FF /* Edit */,
				8A0DE43A220460840042A0FF /* PostDetailTableViewController.swift */,
			);
			path = "Activity Feed";
			sourceTree = "<group>";
		};
		8A3E63CE21F0D45100E17543 /* Models */ = {
			isa = PBXGroup;
			children = (
			);
			path = Models;
			sourceTree = "<group>";
		};
		8A571A1E21FB15CE004949B2 /* Components */ = {
			isa = PBXGroup;
			children = (
				8A9E4BA82216C74600BF8A10 /* Activity */,
				8A13FD0321ECD83A00D216C6 /* Flat Feed */,
				8A9420482215A578006528C9 /* Notifications */,
				8AAEE3EC221AB3A000327FCB /* Subscription */,
				8A571A1F21FB15D9004949B2 /* Reaction */,
				8A7559A921FF159E002187EA /* Open Graph */,
				8AD370A322145DB300182834 /* Image Gallery */,
				8A7559BA22005ABA002187EA /* Web View */,
			);
			path = Components;
			sourceTree = "<group>";
		};
		8A571A1F21FB15D9004949B2 /* Reaction */ = {
			isa = PBXGroup;
			children = (
				8A2DE1D221FA2DAF009E2469 /* ReactionPresenterProtocol.swift */,
				8A571A1C21FB0D53004949B2 /* ReactionPresenter.swift */,
				8A0759222211AAA9009C11FB /* ReactionPaginator.swift */,
				8A2DE1CB21F9F550009E2469 /* Reaction Buttons */,
			);
			path = Reaction;
			sourceTree = "<group>";
		};
		8A6801DE22033B3F00B77352 /* Table View Cells */ = {
			isa = PBXGroup;
			children = (
				8A0DE44D22049ECA0042A0FF /* BaseTableViewCell.swift */,
				8A108D1021F20E8E0080ADEB /* PostHeaderTableViewCell.swift */,
				8A108D1121F20E8E0080ADEB /* PostHeaderTableViewCell.xib */,
				8A6801DA22033B3600B77352 /* PostActionsTableViewCell.swift */,
				8A6801DB22033B3600B77352 /* PostActionsTableViewCell.xib */,
				8A9DFC4122034DDC002F8700 /* PostAttachmentImagesTableViewCell.swift */,
				8A9DFC4222034DDC002F8700 /* PostAttachmentImagesTableViewCell.xib */,
				8A7559B621FF5C1D002187EA /* SeparatorTableViewCell.swift */,
				8A7559B721FF5C1D002187EA /* SeparatorTableViewCell.xib */,
				8A0DE4492204990A0042A0FF /* ActionUsersTableViewCell.swift */,
				8A0DE44A2204990A0042A0FF /* ActionUsersTableViewCell.xib */,
				8A420A2F220B2E8300AF573F /* CommentTableViewCell.swift */,
				8A420A30220B2E8300AF573F /* CommentTableViewCell.xib */,
				8A0759242211B061009C11FB /* PaginationTableViewCell.swift */,
				8A0759252211B061009C11FB /* PaginationTableViewCell.xib */,
				8A9E4BAA2217052200BF8A10 /* NotificationTableViewCell.swift */,
				8A9E4BAB2217052200BF8A10 /* NotificationTableViewCell.xib */,
			);
			path = "Table View Cells";
			sourceTree = "<group>";
		};
		8A7559A921FF159E002187EA /* Open Graph */ = {
			isa = PBXGroup;
			children = (
				8A68395421FB7A170003C19B /* DataDetectorWorker.swift */,
				8A7559AA21FF15B6002187EA /* OpenGraphWorker.swift */,
				8A7559AE21FF2F70002187EA /* OpenGraphTableViewCell.swift */,
				8A7559AF21FF2F70002187EA /* OpenGraphTableViewCell.xib */,
				8A7559B221FF55E3002187EA /* OpenGraphTableViewCell+Update.swift */,
			);
			path = "Open Graph";
			sourceTree = "<group>";
		};
		8A7559BA22005ABA002187EA /* Web View */ = {
			isa = PBXGroup;
			children = (
				8A7559BB22005AE8002187EA /* WebViewController.swift */,
			);
			path = "Web View";
			sourceTree = "<group>";
		};
		8A9420482215A578006528C9 /* Notifications */ = {
			isa = PBXGroup;
			children = (
				8A9E4BA62216C47600BF8A10 /* NotificationsPresenter.swift */,
			);
			path = Notifications;
			sourceTree = "<group>";
		};
		8A9E4B9F2215BBC100BF8A10 /* Notifications */ = {
			isa = PBXGroup;
			children = (
				8A9E4BA02215BBE200BF8A10 /* Notifications.storyboard */,
				8A9E4BA22215BC3800BF8A10 /* NotificationsBuilder.swift */,
				8A9E4BA42215BC9400BF8A10 /* NotificationsViewController.swift */,
			);
			path = Notifications;
			sourceTree = "<group>";
		};
		8A9E4BA82216C74600BF8A10 /* Activity */ = {
			isa = PBXGroup;
			children = (
				8A0DE43E220463DC0042A0FF /* ActivityPresenter.swift */,
				8A0DE440220465520042A0FF /* ActivityPresenter+Activity.swift */,
			);
			path = Activity;
			sourceTree = "<group>";
		};
		8A9E4BA92216C77E00BF8A10 /* Collection View Cells */ = {
			isa = PBXGroup;
			children = (
				8A6801D22200B3E500B77352 /* AddingImageCollectionViewCell.swift */,
				8A6801D32200B3E600B77352 /* AddingImageCollectionViewCell.xib */,
			);
			path = "Collection View Cells";
			sourceTree = "<group>";
		};
		8AAEE3EC221AB3A000327FCB /* Subscription */ = {
			isa = PBXGroup;
			children = (
				8AAEE3ED221AB3D700327FCB /* SubscriptionPresenter.swift */,
				8AAEE3F5221AF3DA00327FCB /* BellButton.swift */,
				8A0EC25C221C572F008B8E9D /* BannerView.swift */,
			);
			path = Subscription;
			sourceTree = "<group>";
		};
		8AC40FAE21EE18160073B749 /* Profile */ = {
			isa = PBXGroup;
			children = (
				8AC40FB121EE2CB10073B749 /* Profile.storyboard */,
				8A3E63B921EF6DFA00E17543 /* ProfileBuilder.swift */,
				8AC40FAF21EE2C8D0073B749 /* ProfileViewController.swift */,
				8A3E63B521EF63BB00E17543 /* EditProfileViewController.swift */,
			);
			path = Profile;
			sourceTree = "<group>";
		};
		8AC40FB521EE55960073B749 /* Views */ = {
			isa = PBXGroup;
			children = (
				8A6801DE22033B3F00B77352 /* Table View Cells */,
				8A9E4BA92216C77E00BF8A10 /* Collection View Cells */,
				8A3E63B221EF497B00E17543 /* Button */,
				8AC40FB621EE55A50073B749 /* Avatar */,
				8A420A33220C904500AF573F /* TextToolBar.swift */,
			);
			path = Views;
			sourceTree = "<group>";
		};
		8AC40FB621EE55A50073B749 /* Avatar */ = {
			isa = PBXGroup;
			children = (
				8AC40FB721EE57570073B749 /* AvatarPresentable.swift */,
				8AC40FB921EE57D80073B749 /* AvatarView.swift */,
			);
			path = Avatar;
			sourceTree = "<group>";
		};
		8AD370A322145DB300182834 /* Image Gallery */ = {
			isa = PBXGroup;
			children = (
				8AD370A422145DF500182834 /* ImageGalleryViewController.swift */,
			);
			path = "Image Gallery";
			sourceTree = "<group>";
		};
		FEA282DD76743CC8142F3496 /* Frameworks */ = {
			isa = PBXGroup;
			children = (
				60A554AB5CB724535E1CB46B /* Pods_GetStreamActivityFeed.framework */,
			);
			name = Frameworks;
			sourceTree = "<group>";
		};
/* End PBXGroup section */

/* Begin PBXNativeTarget section */
		8A13FCD321EC95D700D216C6 /* GetStreamActivityFeed */ = {
			isa = PBXNativeTarget;
			buildConfigurationList = 8A13FCF121EC95D900D216C6 /* Build configuration list for PBXNativeTarget "GetStreamActivityFeed" */;
			buildPhases = (
				1880103203A146A4A1B9B8F2 /* [CP] Check Pods Manifest.lock */,
				8A13FCD021EC95D700D216C6 /* Sources */,
				8A13FCD121EC95D700D216C6 /* Frameworks */,
				8A13FCD221EC95D700D216C6 /* Resources */,
				1273C83CEC58498B54615957 /* [CP] Embed Pods Frameworks */,
			);
			buildRules = (
			);
			dependencies = (
			);
			name = GetStreamActivityFeed;
			productName = GetStreamActivityFeed;
			productReference = 8A13FCD421EC95D700D216C6 /* GetStreamActivityFeed.app */;
			productType = "com.apple.product-type.application";
		};
/* End PBXNativeTarget section */

/* Begin PBXProject section */
		8A13FCCC21EC95D700D216C6 /* Project object */ = {
			isa = PBXProject;
			attributes = {
				LastSwiftUpdateCheck = 1010;
				LastUpgradeCheck = 1010;
				ORGANIZATIONNAME = "Stream.io Inc";
				TargetAttributes = {
					8A13FCD321EC95D700D216C6 = {
						CreatedOnToolsVersion = 10.1;
					};
				};
			};
			buildConfigurationList = 8A13FCCF21EC95D700D216C6 /* Build configuration list for PBXProject "GetStreamActivityFeed" */;
			compatibilityVersion = "Xcode 9.3";
			developmentRegion = en;
			hasScannedForEncodings = 0;
			knownRegions = (
				en,
				Base,
			);
			mainGroup = 8A13FCCB21EC95D700D216C6;
			productRefGroup = 8A13FCD521EC95D700D216C6 /* Products */;
			projectDirPath = "";
			projectRoot = "";
			targets = (
				8A13FCD321EC95D700D216C6 /* GetStreamActivityFeed */,
			);
		};
/* End PBXProject section */

/* Begin PBXResourcesBuildPhase section */
		8A13FCD221EC95D700D216C6 /* Resources */ = {
			isa = PBXResourcesBuildPhase;
			buildActionMask = 2147483647;
			files = (
				8A13FCE221EC95D900D216C6 /* LaunchScreen.storyboard in Resources */,
				8A13FCDF21EC95D900D216C6 /* Assets.xcassets in Resources */,
				8AC40FB221EE2CB10073B749 /* Profile.storyboard in Resources */,
				8A13FCDD21EC95D700D216C6 /* Main.storyboard in Resources */,
				8A420A32220B2E8300AF573F /* CommentTableViewCell.xib in Resources */,
				8A0759272211B061009C11FB /* PaginationTableViewCell.xib in Resources */,
				8A9E4BA12215BBE200BF8A10 /* Notifications.storyboard in Resources */,
				8A7559B121FF2F70002187EA /* OpenGraphTableViewCell.xib in Resources */,
				8A9E4BAD2217052200BF8A10 /* NotificationTableViewCell.xib in Resources */,
				8A6801D52200B3E600B77352 /* AddingImageCollectionViewCell.xib in Resources */,
				8A9DFC4422034DDC002F8700 /* PostAttachmentImagesTableViewCell.xib in Resources */,
				8A6801DD22033B3600B77352 /* PostActionsTableViewCell.xib in Resources */,
				8A0DE44C2204990A0042A0FF /* ActionUsersTableViewCell.xib in Resources */,
				8A108D1321F20E8E0080ADEB /* PostHeaderTableViewCell.xib in Resources */,
				8A3E63CB21F0B63600E17543 /* ActivityFeed.storyboard in Resources */,
				8A7559B921FF5C1D002187EA /* SeparatorTableViewCell.xib in Resources */,
			);
			runOnlyForDeploymentPostprocessing = 0;
		};
/* End PBXResourcesBuildPhase section */

/* Begin PBXShellScriptBuildPhase section */
		1273C83CEC58498B54615957 /* [CP] Embed Pods Frameworks */ = {
			isa = PBXShellScriptBuildPhase;
			buildActionMask = 2147483647;
			files = (
			);
			inputFileListPaths = (
			);
			inputPaths = (
			);
			name = "[CP] Embed Pods Frameworks";
			outputFileListPaths = (
			);
			outputPaths = (
			);
			runOnlyForDeploymentPostprocessing = 0;
			shellPath = /bin/sh;
			shellScript = "\"${PODS_ROOT}/Target Support Files/Pods-GetStreamActivityFeed/Pods-GetStreamActivityFeed-frameworks.sh\"\n";
			showEnvVarsInLog = 0;
		};
		1880103203A146A4A1B9B8F2 /* [CP] Check Pods Manifest.lock */ = {
			isa = PBXShellScriptBuildPhase;
			buildActionMask = 2147483647;
			files = (
			);
			inputFileListPaths = (
			);
			inputPaths = (
				"${PODS_PODFILE_DIR_PATH}/Podfile.lock",
				"${PODS_ROOT}/Manifest.lock",
			);
			name = "[CP] Check Pods Manifest.lock";
			outputFileListPaths = (
			);
			outputPaths = (
				"$(DERIVED_FILE_DIR)/Pods-GetStreamActivityFeed-checkManifestLockResult.txt",
			);
			runOnlyForDeploymentPostprocessing = 0;
			shellPath = /bin/sh;
			shellScript = "diff \"${PODS_PODFILE_DIR_PATH}/Podfile.lock\" \"${PODS_ROOT}/Manifest.lock\" > /dev/null\nif [ $? != 0 ] ; then\n    # print error to STDERR\n    echo \"error: The sandbox is not in sync with the Podfile.lock. Run 'pod install' or update your CocoaPods installation.\" >&2\n    exit 1\nfi\n# This output is used by Xcode 'outputs' to avoid re-running this script phase.\necho \"SUCCESS\" > \"${SCRIPT_OUTPUT_FILE_0}\"\n";
			showEnvVarsInLog = 0;
		};
/* End PBXShellScriptBuildPhase section */

/* Begin PBXSourcesBuildPhase section */
		8A13FCD021EC95D700D216C6 /* Sources */ = {
			isa = PBXSourcesBuildPhase;
			buildActionMask = 2147483647;
			files = (
				8AC40FB421EE3A120073B749 /* BundledStoryboardLoadable.swift in Sources */,
				8A13FD0D21ECF51D00D216C6 /* RootViewController.swift in Sources */,
				8A13FD0621ECD86700D216C6 /* User.swift in Sources */,
				8AAEE3EE221AB3D700327FCB /* SubscriptionPresenter.swift in Sources */,
				8AC40FBC21EF356F0073B749 /* UIImage+Extensions.swift in Sources */,
				8A0DE44E22049ECA0042A0FF /* BaseTableViewCell.swift in Sources */,
				8A9E4BA52215BC9400BF8A10 /* NotificationsViewController.swift in Sources */,
				8A2DE1D321FA2DAF009E2469 /* ReactionPresenterProtocol.swift in Sources */,
				8A7559AD21FF18D3002187EA /* EditPostPresenter.swift in Sources */,
				8A9E4BA32215BC3800BF8A10 /* NotificationsBuilder.swift in Sources */,
				8A0DE43B220460840042A0FF /* PostDetailTableViewController.swift in Sources */,
				8AC40FB021EE2C8D0073B749 /* ProfileViewController.swift in Sources */,
				8AC40FBA21EE57D80073B749 /* AvatarView.swift in Sources */,
				8A2DE1CA21F9E819009E2469 /* ActivityRepostable.swift in Sources */,
				8A2DE1C821F9E768009E2469 /* ReactionButton.swift in Sources */,
				8A7559BC22005AE8002187EA /* WebViewController.swift in Sources */,
				8A3E63C121F08C2400E17543 /* Appearance.swift in Sources */,
				8AC40FAB21EE0ED50073B749 /* UIViewController+Extensions.swift in Sources */,
				8A108D1521F223DE0080ADEB /* Date+Extensions.swift in Sources */,
				8A7559AB21FF15B6002187EA /* OpenGraphWorker.swift in Sources */,
				8A0DE44822047DA60042A0FF /* UITableViewCell+Extensions.swift in Sources */,
				8A0759232211AAA9009C11FB /* ReactionPaginator.swift in Sources */,
				8A3573D121F72DE2009EB9D7 /* Verb+Extensions.swift in Sources */,
				8A13FD1421ECF8A700D216C6 /* RootRouter.swift in Sources */,
				8A3E63BA21EF6DFA00E17543 /* ProfileBuilder.swift in Sources */,
				8A7559B821FF5C1D002187EA /* SeparatorTableViewCell.swift in Sources */,
				8A3573D521F76A25009EB9D7 /* URL+ImageRequest.swift in Sources */,
				8A571A2321FB3BE1004949B2 /* EditPostViewController.swift in Sources */,
				8A0DE44B2204990A0042A0FF /* ActionUsersTableViewCell.swift in Sources */,
				8A2DE1CD21F9F56E009E2469 /* LikeButton.swift in Sources */,
				8A3E63B821EF65D400E17543 /* UIControl+Extensions.swift in Sources */,
				8A0DE446220478910042A0FF /* ActivityRouter.swift in Sources */,
				8A13FCD821EC95D700D216C6 /* AppDelegate.swift in Sources */,
				8A0DE444220476300042A0FF /* UITableView+Extensions.swift in Sources */,
				8A9E4BA72216C47600BF8A10 /* NotificationsPresenter.swift in Sources */,
				8A0759292211BF90009C11FB /* PaginatorProtocol.swift in Sources */,
				8A9E4BAC2217052200BF8A10 /* NotificationTableViewCell.swift in Sources */,
				8A6801DC22033B3600B77352 /* PostActionsTableViewCell.swift in Sources */,
				8A3E63B621EF63BB00E17543 /* EditProfileViewController.swift in Sources */,
				8A0EC25D221C572F008B8E9D /* BannerView.swift in Sources */,
				8A7559B321FF55E3002187EA /* OpenGraphTableViewCell+Update.swift in Sources */,
				8AC40FAD21EE0FBB0073B749 /* RootBuilder.swift in Sources */,
				8A9DFC4322034DDC002F8700 /* PostAttachmentImagesTableViewCell.swift in Sources */,
				8A3E63B421EF49A500E17543 /* BarButton.swift in Sources */,
				8A0DE43F220463DC0042A0FF /* ActivityPresenter.swift in Sources */,
				8A13FD1121ECF6C800D216C6 /* UIApplication+Extensions.swift in Sources */,
				8A3573CF21F72D9D009EB9D7 /* ActivityObject.swift in Sources */,
				8A420A2E220B275E00AF573F /* UIStackView+LoadingImages.swift in Sources */,
				8A7559A821FF06AA002187EA /* NSAttributedString+Extensions.swift in Sources */,
				8A3E63CD21F0CFE200E17543 /* FlatFeedPresenter.swift in Sources */,
				8A3573D321F74636009EB9D7 /* ActivityFeedBuilder.swift in Sources */,
				8A7559B021FF2F70002187EA /* OpenGraphTableViewCell.swift in Sources */,
				8AAEE3F6221AF3DA00327FCB /* BellButton.swift in Sources */,
				8A3E63BC21EF877600E17543 /* UIImage+Icons.swift in Sources */,
				8A0759262211B061009C11FB /* PaginationTableViewCell.swift in Sources */,
				8A2DE1CF21F9F675009E2469 /* ActivityLikable.swift in Sources */,
				8A420A31220B2E8300AF573F /* CommentTableViewCell.swift in Sources */,
				8AC40FB821EE57570073B749 /* AvatarPresentable.swift in Sources */,
				8A6801D42200B3E600B77352 /* AddingImageCollectionViewCell.swift in Sources */,
				8A68395521FB7A170003C19B /* DataDetectorWorker.swift in Sources */,
				8A0DE441220465520042A0FF /* ActivityPresenter+Activity.swift in Sources */,
				8A571A1D21FB0D53004949B2 /* ReactionPresenter.swift in Sources */,
				8A3E63BF21EF92A000E17543 /* UIViewController+ImagePicker.swift in Sources */,
				8A0525B321FBA7A90029E385 /* Range+Extensions.swift in Sources */,
				8A3E63D021F0D45E00E17543 /* Activity.swift in Sources */,
				8A3E63B121EF455100E17543 /* UINavigationController+Extensions.swift in Sources */,
				8AABA962221B466300E24505 /* UITabBarController+Extensions.swift in Sources */,
				8A3E63C521F08DC300E17543 /* UIColor+Extensions.swift in Sources */,
				8A2DE1D121F9F7B5009E2469 /* RepostButton.swift in Sources */,
				8AD370A522145DF500182834 /* ImageGalleryViewController.swift in Sources */,
				8A3E63C921F0B45300E17543 /* FlatFeedViewController.swift in Sources */,
				8A13FD0F21ECF66C00D216C6 /* RootPresenter.swift in Sources */,
				8A420A34220C904500AF573F /* TextToolBar.swift in Sources */,
				8A571A2121FB26CC004949B2 /* UIButton+Extensions.swift in Sources */,
				8A108D1221F20E8E0080ADEB /* PostHeaderTableViewCell.swift in Sources */,
			);
			runOnlyForDeploymentPostprocessing = 0;
		};
/* End PBXSourcesBuildPhase section */

/* Begin PBXVariantGroup section */
		8A13FCDB21EC95D700D216C6 /* Main.storyboard */ = {
			isa = PBXVariantGroup;
			children = (
				8A13FCDC21EC95D700D216C6 /* Base */,
			);
			name = Main.storyboard;
			sourceTree = "<group>";
		};
		8A13FCE021EC95D900D216C6 /* LaunchScreen.storyboard */ = {
			isa = PBXVariantGroup;
			children = (
				8A13FCE121EC95D900D216C6 /* Base */,
			);
			name = LaunchScreen.storyboard;
			sourceTree = "<group>";
		};
/* End PBXVariantGroup section */

/* Begin XCBuildConfiguration section */
		8A13FCEF21EC95D900D216C6 /* Debug */ = {
			isa = XCBuildConfiguration;
			buildSettings = {
				ALWAYS_SEARCH_USER_PATHS = NO;
				CLANG_ANALYZER_NONNULL = YES;
				CLANG_ANALYZER_NUMBER_OBJECT_CONVERSION = YES_AGGRESSIVE;
				CLANG_CXX_LANGUAGE_STANDARD = "gnu++14";
				CLANG_CXX_LIBRARY = "libc++";
				CLANG_ENABLE_MODULES = YES;
				CLANG_ENABLE_OBJC_ARC = YES;
				CLANG_ENABLE_OBJC_WEAK = YES;
				CLANG_WARN_BLOCK_CAPTURE_AUTORELEASING = YES;
				CLANG_WARN_BOOL_CONVERSION = YES;
				CLANG_WARN_COMMA = YES;
				CLANG_WARN_CONSTANT_CONVERSION = YES;
				CLANG_WARN_DEPRECATED_OBJC_IMPLEMENTATIONS = YES;
				CLANG_WARN_DIRECT_OBJC_ISA_USAGE = YES_ERROR;
				CLANG_WARN_DOCUMENTATION_COMMENTS = YES;
				CLANG_WARN_EMPTY_BODY = YES;
				CLANG_WARN_ENUM_CONVERSION = YES;
				CLANG_WARN_INFINITE_RECURSION = YES;
				CLANG_WARN_INT_CONVERSION = YES;
				CLANG_WARN_NON_LITERAL_NULL_CONVERSION = YES;
				CLANG_WARN_OBJC_IMPLICIT_RETAIN_SELF = YES;
				CLANG_WARN_OBJC_LITERAL_CONVERSION = YES;
				CLANG_WARN_OBJC_ROOT_CLASS = YES_ERROR;
				CLANG_WARN_RANGE_LOOP_ANALYSIS = YES;
				CLANG_WARN_STRICT_PROTOTYPES = YES;
				CLANG_WARN_SUSPICIOUS_MOVE = YES;
				CLANG_WARN_UNGUARDED_AVAILABILITY = YES_AGGRESSIVE;
				CLANG_WARN_UNREACHABLE_CODE = YES;
				CLANG_WARN__DUPLICATE_METHOD_MATCH = YES;
				CODE_SIGN_IDENTITY = "iPhone Developer";
				COPY_PHASE_STRIP = NO;
				DEBUG_INFORMATION_FORMAT = dwarf;
				ENABLE_STRICT_OBJC_MSGSEND = YES;
				ENABLE_TESTABILITY = YES;
				GCC_C_LANGUAGE_STANDARD = gnu11;
				GCC_DYNAMIC_NO_PIC = NO;
				GCC_NO_COMMON_BLOCKS = YES;
				GCC_OPTIMIZATION_LEVEL = 0;
				GCC_PREPROCESSOR_DEFINITIONS = (
					"DEBUG=1",
					"$(inherited)",
				);
				GCC_WARN_64_TO_32_BIT_CONVERSION = YES;
				GCC_WARN_ABOUT_RETURN_TYPE = YES_ERROR;
				GCC_WARN_UNDECLARED_SELECTOR = YES;
				GCC_WARN_UNINITIALIZED_AUTOS = YES_AGGRESSIVE;
				GCC_WARN_UNUSED_FUNCTION = YES;
				GCC_WARN_UNUSED_VARIABLE = YES;
				IPHONEOS_DEPLOYMENT_TARGET = 9.3;
				MTL_ENABLE_DEBUG_INFO = INCLUDE_SOURCE;
				MTL_FAST_MATH = YES;
				ONLY_ACTIVE_ARCH = YES;
				SDKROOT = iphoneos;
				SWIFT_ACTIVE_COMPILATION_CONDITIONS = DEBUG;
				SWIFT_OPTIMIZATION_LEVEL = "-Onone";
				SWIFT_VERSION = 4.2;
			};
			name = Debug;
		};
		8A13FCF021EC95D900D216C6 /* Release */ = {
			isa = XCBuildConfiguration;
			buildSettings = {
				ALWAYS_SEARCH_USER_PATHS = NO;
				CLANG_ANALYZER_NONNULL = YES;
				CLANG_ANALYZER_NUMBER_OBJECT_CONVERSION = YES_AGGRESSIVE;
				CLANG_CXX_LANGUAGE_STANDARD = "gnu++14";
				CLANG_CXX_LIBRARY = "libc++";
				CLANG_ENABLE_MODULES = YES;
				CLANG_ENABLE_OBJC_ARC = YES;
				CLANG_ENABLE_OBJC_WEAK = YES;
				CLANG_WARN_BLOCK_CAPTURE_AUTORELEASING = YES;
				CLANG_WARN_BOOL_CONVERSION = YES;
				CLANG_WARN_COMMA = YES;
				CLANG_WARN_CONSTANT_CONVERSION = YES;
				CLANG_WARN_DEPRECATED_OBJC_IMPLEMENTATIONS = YES;
				CLANG_WARN_DIRECT_OBJC_ISA_USAGE = YES_ERROR;
				CLANG_WARN_DOCUMENTATION_COMMENTS = YES;
				CLANG_WARN_EMPTY_BODY = YES;
				CLANG_WARN_ENUM_CONVERSION = YES;
				CLANG_WARN_INFINITE_RECURSION = YES;
				CLANG_WARN_INT_CONVERSION = YES;
				CLANG_WARN_NON_LITERAL_NULL_CONVERSION = YES;
				CLANG_WARN_OBJC_IMPLICIT_RETAIN_SELF = YES;
				CLANG_WARN_OBJC_LITERAL_CONVERSION = YES;
				CLANG_WARN_OBJC_ROOT_CLASS = YES_ERROR;
				CLANG_WARN_RANGE_LOOP_ANALYSIS = YES;
				CLANG_WARN_STRICT_PROTOTYPES = YES;
				CLANG_WARN_SUSPICIOUS_MOVE = YES;
				CLANG_WARN_UNGUARDED_AVAILABILITY = YES_AGGRESSIVE;
				CLANG_WARN_UNREACHABLE_CODE = YES;
				CLANG_WARN__DUPLICATE_METHOD_MATCH = YES;
				CODE_SIGN_IDENTITY = "iPhone Developer";
				COPY_PHASE_STRIP = NO;
				DEBUG_INFORMATION_FORMAT = "dwarf-with-dsym";
				ENABLE_NS_ASSERTIONS = NO;
				ENABLE_STRICT_OBJC_MSGSEND = YES;
				GCC_C_LANGUAGE_STANDARD = gnu11;
				GCC_NO_COMMON_BLOCKS = YES;
				GCC_WARN_64_TO_32_BIT_CONVERSION = YES;
				GCC_WARN_ABOUT_RETURN_TYPE = YES_ERROR;
				GCC_WARN_UNDECLARED_SELECTOR = YES;
				GCC_WARN_UNINITIALIZED_AUTOS = YES_AGGRESSIVE;
				GCC_WARN_UNUSED_FUNCTION = YES;
				GCC_WARN_UNUSED_VARIABLE = YES;
				IPHONEOS_DEPLOYMENT_TARGET = 9.3;
				MTL_ENABLE_DEBUG_INFO = NO;
				MTL_FAST_MATH = YES;
				SDKROOT = iphoneos;
				SWIFT_COMPILATION_MODE = wholemodule;
				SWIFT_OPTIMIZATION_LEVEL = "-O";
				SWIFT_VERSION = 4.2;
				VALIDATE_PRODUCT = YES;
			};
			name = Release;
		};
		8A13FCF221EC95D900D216C6 /* Debug */ = {
			isa = XCBuildConfiguration;
			baseConfigurationReference = 94BE0BBF8EF5D3D2C85C23D5 /* Pods-GetStreamActivityFeed.debug.xcconfig */;
			buildSettings = {
				ASSETCATALOG_COMPILER_APPICON_NAME = AppIcon;
				CODE_SIGN_STYLE = Automatic;
				DEVELOPMENT_TEAM = EHV7XZLAHA;
				INFOPLIST_FILE = GetStreamActivityFeed/Info.plist;
				IPHONEOS_DEPLOYMENT_TARGET = 11.0;
				LD_RUNPATH_SEARCH_PATHS = (
					"$(inherited)",
					"@executable_path/Frameworks",
					"@loader_path/Frameworks",
				);
				OTHER_SWIFT_FLAGS = "$(inherited) -D COCOAPODS -Xfrontend -warn-long-function-bodies=150 -Xfrontend -warn-long-expression-type-checking=150";
				PRODUCT_BUNDLE_IDENTIFIER = io.getstream.GetStreamActivityFeed;
				PRODUCT_NAME = "$(TARGET_NAME)";
				TARGETED_DEVICE_FAMILY = 1;
			};
			name = Debug;
		};
		8A13FCF321EC95D900D216C6 /* Release */ = {
			isa = XCBuildConfiguration;
			baseConfigurationReference = FBE5C433E161964E569605F0 /* Pods-GetStreamActivityFeed.release.xcconfig */;
			buildSettings = {
				ASSETCATALOG_COMPILER_APPICON_NAME = AppIcon;
				CODE_SIGN_STYLE = Automatic;
				DEVELOPMENT_TEAM = EHV7XZLAHA;
				INFOPLIST_FILE = GetStreamActivityFeed/Info.plist;
				IPHONEOS_DEPLOYMENT_TARGET = 11.0;
				LD_RUNPATH_SEARCH_PATHS = (
					"$(inherited)",
					"@executable_path/Frameworks",
					"@loader_path/Frameworks",
				);
				OTHER_SWIFT_FLAGS = "$(inherited) -D COCOAPODS -Xfrontend -warn-long-function-bodies=150 -Xfrontend -warn-long-expression-type-checking=150";
				PRODUCT_BUNDLE_IDENTIFIER = io.getstream.GetStreamActivityFeed;
				PRODUCT_NAME = "$(TARGET_NAME)";
				TARGETED_DEVICE_FAMILY = 1;
			};
			name = Release;
		};
/* End XCBuildConfiguration section */

/* Begin XCConfigurationList section */
		8A13FCCF21EC95D700D216C6 /* Build configuration list for PBXProject "GetStreamActivityFeed" */ = {
			isa = XCConfigurationList;
			buildConfigurations = (
				8A13FCEF21EC95D900D216C6 /* Debug */,
				8A13FCF021EC95D900D216C6 /* Release */,
			);
			defaultConfigurationIsVisible = 0;
			defaultConfigurationName = Release;
		};
		8A13FCF121EC95D900D216C6 /* Build configuration list for PBXNativeTarget "GetStreamActivityFeed" */ = {
			isa = XCConfigurationList;
			buildConfigurations = (
				8A13FCF221EC95D900D216C6 /* Debug */,
				8A13FCF321EC95D900D216C6 /* Release */,
			);
			defaultConfigurationIsVisible = 0;
			defaultConfigurationName = Release;
		};
/* End XCConfigurationList section */
	};
	rootObject = 8A13FCCC21EC95D700D216C6 /* Project object */;
}
